
Microsoft Visual Studio Solution File, Format Version 12.00
# Visual Studio 15
VisualStudioVersion = 15.0.28307.329
MinimumVisualStudioVersion = 10.0.40219.1
Project("{FAE04EC0-301F-11D3-BF4B-00C04F79EFBC}") = "OOP 20 Homework", "OOP 20 Homework\OOP 20 Homework.csproj", "{146639A5-6FE9-4661-AC62-3E49869CFF56}"
EndProject
Global
	GlobalSection(SolutionConfigurationPlatforms) = preSolution
		Debug|Any CPU = Debug|Any CPU
		Release|Any CPU = Release|Any CPU
	EndGlobalSection
	GlobalSection(ProjectConfigurationPlatforms) = postSolution
		{146639A5-6FE9-4661-AC62-3E49869CFF56}.Debug|Any CPU.ActiveCfg = Debug|Any CPU
		{146639A5-6FE9-4661-AC62-3E49869CFF56}.Debug|Any CPU.Build.0 = Debug|Any CPU
		{146639A5-6FE9-4661-AC62-3E49869CFF56}.Release|Any CPU.ActiveCfg = Release|Any CPU
		{146639A5-6FE9-4661-AC62-3E49869CFF56}.Release|Any CPU.Build.0 = Release|Any CPU
	EndGlobalSection
	GlobalSection(SolutionProperties) = preSolution
		HideSolutionNode = FALSE
	EndGlobalSection
	GlobalSection(ExtensibilityGlobals) = postSolution
		SolutionGuid = {3A2F8C73-F8E5-467A-AA21-D0D30CBDDC2B}
	EndGlobalSection
EndGlobal
